
Microsoft Visual Studio Solution File, Format Version 12.00
# Visual Studio 15
VisualStudioVersion = 15.0.28010.2016
MinimumVisualStudioVersion = 10.0.40219.1
Project("{FAE04EC0-301F-11D3-BF4B-00C04F79EFBC}") = "TwitterTest", "TwitterTest\TwitterTest.csproj", "{5F5CCE02-1BAD-44C6-A351-F4D61B6E657E}"
EndProject
Global
	GlobalSection(SolutionConfigurationPlatforms) = preSolution
		Debug|Any CPU = Debug|Any CPU
		Release|Any CPU = Release|Any CPU
	EndGlobalSection
	GlobalSection(ProjectConfigurationPlatforms) = postSolution
		{5F5CCE02-1BAD-44C6-A351-F4D61B6E657E}.Debug|Any CPU.ActiveCfg = Debug|Any CPU
		{5F5CCE02-1BAD-44C6-A351-F4D61B6E657E}.Debug|Any CPU.Build.0 = Debug|Any CPU
		{5F5CCE02-1BAD-44C6-A351-F4D61B6E657E}.Release|Any CPU.ActiveCfg = Release|Any CPU
		{5F5CCE02-1BAD-44C6-A351-F4D61B6E657E}.Release|Any CPU.Build.0 = Release|Any CPU
	EndGlobalSection
	GlobalSection(SolutionProperties) = preSolution
		HideSolutionNode = FALSE
	EndGlobalSection
	GlobalSection(ExtensibilityGlobals) = postSolution
		SolutionGuid = {258F9BB8-2073-4974-BAF7-75535E9F6D14}
	EndGlobalSection
EndGlobal
